
Microsoft Visual Studio Solution File, Format Version 12.00
# Visual Studio Version 16
VisualStudioVersion = 16.0.31424.327
MinimumVisualStudioVersion = 10.0.40219.1
Project("{8BC9CEB8-8B4A-11D0-8D11-00A0C91BC942}") = "metaApp", "metaApp.vcxproj", "{3C1B30BF-D633-32F4-BB0A-629F2D2A4ABE}"
EndProject
Global
	GlobalSection(SolutionConfigurationPlatforms) = preSolution
		Debug|x64 = Debug|x64
		Release|x64 = Release|x64
	EndGlobalSection
	GlobalSection(ProjectConfigurationPlatforms) = postSolution
		{3C1B30BF-D633-32F4-BB0A-629F2D2A4ABE}.Debug|x64.ActiveCfg = Debug|x64
		{3C1B30BF-D633-32F4-BB0A-629F2D2A4ABE}.Debug|x64.Build.0 = Debug|x64
		{3C1B30BF-D633-32F4-BB0A-629F2D2A4ABE}.Release|x64.ActiveCfg = Release|x64
		{3C1B30BF-D633-32F4-BB0A-629F2D2A4ABE}.Release|x64.Build.0 = Release|x64
	EndGlobalSection
	GlobalSection(SolutionProperties) = preSolution
		HideSolutionNode = FALSE
	EndGlobalSection
	GlobalSection(ExtensibilityGlobals) = postSolution
		SolutionGuid = {B859AEE8-5EC6-3F4E-A4BA-107D4DBF5948}
	EndGlobalSection
EndGlobal
